// !$*UTF8*$!
{
	archiveVersion = 1;
	classes = {
	};
	objectVersion = 50;
	objects = {

/* Begin PBXBuildFile section */
		B050BC8C237EE85C00E6432D /* AppDelegate.swift in Sources */ = {isa = PBXBuildFile; fileRef = B050BC8B237EE85C00E6432D /* AppDelegate.swift */; };
		B050BC8E237EE85C00E6432D /* SceneDelegate.swift in Sources */ = {isa = PBXBuildFile; fileRef = B050BC8D237EE85C00E6432D /* SceneDelegate.swift */; };
		B050BC90237EE85C00E6432D /* ContentView.swift in Sources */ = {isa = PBXBuildFile; fileRef = B050BC8F237EE85C00E6432D /* ContentView.swift */; };
		B050BC92237EE85F00E6432D /* Assets.xcassets in Resources */ = {isa = PBXBuildFile; fileRef = B050BC91237EE85F00E6432D /* Assets.xcassets */; };
		B050BC95237EE85F00E6432D /* Preview Assets.xcassets in Resources */ = {isa = PBXBuildFile; fileRef = B050BC94237EE85F00E6432D /* Preview Assets.xcassets */; };
		B050BC98237EE85F00E6432D /* LaunchScreen.storyboard in Resources */ = {isa = PBXBuildFile; fileRef = B050BC96237EE85F00E6432D /* LaunchScreen.storyboard */; };
		B050BCA0237EEDD900E6432D /* AnyViewExample.swift in Sources */ = {isa = PBXBuildFile; fileRef = B050BC9F237EEDD900E6432D /* AnyViewExample.swift */; };
/* End PBXBuildFile section */

/* Begin PBXFileReference section */
		B050BC88237EE85C00E6432D /* Binding.app */ = {isa = PBXFileReference; explicitFileType = wrapper.application; includeInIndex = 0; path = Binding.app; sourceTree = BUILT_PRODUCTS_DIR; };
		B050BC8B237EE85C00E6432D /* AppDelegate.swift */ = {isa = PBXFileReference; lastKnownFileType = sourcecode.swift; path = AppDelegate.swift; sourceTree = "<group>"; };
		B050BC8D237EE85C00E6432D /* SceneDelegate.swift */ = {isa = PBXFileReference; lastKnownFileType = sourcecode.swift; path = SceneDelegate.swift; sourceTree = "<group>"; };
		B050BC8F237EE85C00E6432D /* ContentView.swift */ = {isa = PBXFileReference; lastKnownFileType = sourcecode.swift; path = ContentView.swift; sourceTree = "<group>"; };
		B050BC91237EE85F00E6432D /* Assets.xcassets */ = {isa = PBXFileReference; lastKnownFileType = folder.assetcatalog; path = Assets.xcassets; sourceTree = "<group>"; };
		B050BC94237EE85F00E6432D /* Preview Assets.xcassets */ = {isa = PBXFileReference; lastKnownFileType = folder.assetcatalog; path = "Preview Assets.xcassets"; sourceTree = "<group>"; };
		B050BC97237EE85F00E6432D /* Base */ = {isa = PBXFileReference; lastKnownFileType = file.storyboard; name = Base; path = Base.lproj/LaunchScreen.storyboard; sourceTree = "<group>"; };
		B050BC99237EE85F00E6432D /* Info.plist */ = {isa = PBXFileReference; lastKnownFileType = text.plist.xml; path = Info.plist; sourceTree = "<group>"; };
		B050BC9F237EEDD900E6432D /* AnyViewExample.swift */ = {isa = PBXFileReference; lastKnownFileType = sourcecode.swift; path = AnyViewExample.swift; sourceTree = "<group>"; };
/* End PBXFileReference section */

/* Begin PBXFrameworksBuildPhase section */
		B050BC85237EE85C00E6432D /* Frameworks */ = {
			isa = PBXFrameworksBuildPhase;
			buildActionMask = 2147483647;
			files = (
			);
			runOnlyForDeploymentPostprocessing = 0;
		};
/* End PBXFrameworksBuildPhase section */

/* Begin PBXGroup section */
		B050BC7F237EE85C00E6432D = {
			isa = PBXGroup;
			children = (
				B050BC8A237EE85C00E6432D /* Binding */,
				B050BC89237EE85C00E6432D /* Products */,
			);
			sourceTree = "<group>";
		};
		B050BC89237EE85C00E6432D /* Products */ = {
			isa = PBXGroup;
			children = (
				B050BC88237EE85C00E6432D /* Binding.app */,
			);
			name = Products;
			sourceTree = "<group>";
		};
		B050BC8A237EE85C00E6432D /* Binding */ = {
			isa = PBXGroup;
			children = (
				B050BC8B237EE85C00E6432D /* AppDelegate.swift */,
				B050BC8D237EE85C00E6432D /* SceneDelegate.swift */,
				B050BC8F237EE85C00E6432D /* ContentView.swift */,
				B050BC9F237EEDD900E6432D /* AnyViewExample.swift */,
				B050BC91237EE85F00E6432D /* Assets.xcassets */,
				B050BC96237EE85F00E6432D /* LaunchScreen.storyboard */,
				B050BC99237EE85F00E6432D /* Info.plist */,
				B050BC93237EE85F00E6432D /* Preview Content */,
			);
			path = Binding;
			sourceTree = "<group>";
		};
		B050BC93237EE85F00E6432D /* Preview Content */ = {
			isa = PBXGroup;
			children = (
				B050BC94237EE85F00E6432D /* Preview Assets.xcassets */,
			);
			path = "Preview Content";
			sourceTree = "<group>";
		};
/* End PBXGroup section */

/* Begin PBXNativeTarget section */
		B050BC87237EE85C00E6432D /* Binding */ = {
			isa = PBXNativeTarget;
			buildConfigurationList = B050BC9C237EE85F00E6432D /* Build configuration list for PBXNativeTarget "Binding" */;
			buildPhases = (
				B050BC84237EE85C00E6432D /* Sources */,
				B050BC85237EE85C00E6432D /* Frameworks */,
				B050BC86237EE85C00E6432D /* Resources */,
			);
			buildRules = (
			);
			dependencies = (
			);
			name = Binding;
			productName = Binding;
			productReference = B050BC88237EE85C00E6432D /* Binding.app */;
			productType = "com.apple.product-type.application";
		};
/* End PBXNativeTarget section */

/* Begin PBXProject section */
		B050BC80237EE85C00E6432D /* Project object */ = {
			isa = PBXProject;
			attributes = {
				LastSwiftUpdateCheck = 1120;
				LastUpgradeCheck = 1120;
				ORGANIZATIONNAME = LeftRightMind;
				TargetAttributes = {
					B050BC87237EE85C00E6432D = {
						CreatedOnToolsVersion = 11.2;
					};
				};
			};
			buildConfigurationList = B050BC83237EE85C00E6432D /* Build configuration list for PBXProject "Binding" */;
			compatibilityVersion = "Xcode 9.3";
			developmentRegion = en;
			hasScannedForEncodings = 0;
			knownRegions = (
				en,
				Base,
			);
			mainGroup = B050BC7F237EE85C00E6432D;
			productRefGroup = B050BC89237EE85C00E6432D /* Products */;
			projectDirPath = "";
			projectRoot = "";
			targets = (
				B050BC87237EE85C00E6432D /* Binding */,
			);
		};
/* End PBXProject section */

/* Begin PBXResourcesBuildPhase section */
		B050BC86237EE85C00E6432D /* Resources */ = {
			isa = PBXResourcesBuildPhase;
			buildActionMask = 2147483647;
			files = (
				B050BC98237EE85F00E6432D /* LaunchScreen.storyboard in Resources */,
				B050BC95237EE85F00E6432D /* Preview Assets.xcassets in Resources */,
				B050BC92237EE85F00E6432D /* Assets.xcassets in Resources */,
			);
			runOnlyForDeploymentPostprocessing = 0;
		};
/* End PBXResourcesBuildPhase section */

/* Begin PBXSourcesBuildPhase section */
		B050BC84237EE85C00E6432D /* Sources */ = {
			isa = PBXSourcesBuildPhase;
			buildActionMask = 2147483647;
			files = (
				B050BC8C237EE85C00E6432D /* AppDelegate.swift in Sources */,
				B050BC8E237EE85C00E6432D /* SceneDelegate.swift in Sources */,
				B050BCA0237EEDD900E6432D /* AnyViewExample.swift in Sources */,
				B050BC90237EE85C00E6432D /* ContentView.swift in Sources */,
			);
			runOnlyForDeploymentPostprocessing = 0;
		};
/* End PBXSourcesBuildPhase section */

/* Begin PBXVariantGroup section */
		B050BC96237EE85F00E6432D /* LaunchScreen.storyboard */ = {
			isa = PBXVariantGroup;
			children = (
				B050BC97237EE85F00E6432D /* Base */,
			);
			name = LaunchScreen.storyboard;
			sourceTree = "<group>";
		};
/* End PBXVariantGroup section */

/* Begin XCBuildConfiguration section */
		B050BC9A237EE85F00E6432D /* Debug */ = {
			isa = XCBuildConfiguration;
			buildSettings = {
				ALWAYS_SEARCH_USER_PATHS = NO;
				CLANG_ANALYZER_NONNULL = YES;
				CLANG_ANALYZER_NUMBER_OBJECT_CONVERSION = YES_AGGRESSIVE;
				CLANG_CXX_LANGUAGE_STANDARD = "gnu++14";
				CLANG_CXX_LIBRARY = "libc++";
				CLANG_ENABLE_MODULES = YES;
				CLANG_ENABLE_OBJC_ARC = YES;
				CLANG_ENABLE_OBJC_WEAK = YES;
				CLANG_WARN_BLOCK_CAPTURE_AUTORELEASING = YES;
				CLANG_WARN_BOOL_CONVERSION = YES;
				CLANG_WARN_COMMA = YES;
				CLANG_WARN_CONSTANT_CONVERSION = YES;
				CLANG_WARN_DEPRECATED_OBJC_IMPLEMENTATIONS = YES;
				CLANG_WARN_DIRECT_OBJC_ISA_USAGE = YES_ERROR;
				CLANG_WARN_DOCUMENTATION_COMMENTS = YES;
				CLANG_WARN_EMPTY_BODY = YES;
				CLANG_WARN_ENUM_CONVERSION = YES;
				CLANG_WARN_INFINITE_RECURSION = YES;
				CLANG_WARN_INT_CONVERSION = YES;
				CLANG_WARN_NON_LITERAL_NULL_CONVERSION = YES;
				CLANG_WARN_OBJC_IMPLICIT_RETAIN_SELF = YES;
				CLANG_WARN_OBJC_LITERAL_CONVERSION = YES;
				CLANG_WARN_OBJC_ROOT_CLASS = YES_ERROR;
				CLANG_WARN_RANGE_LOOP_ANALYSIS = YES;
				CLANG_WARN_STRICT_PROTOTYPES = YES;
				CLANG_WARN_SUSPICIOUS_MOVE = YES;
				CLANG_WARN_UNGUARDED_AVAILABILITY = YES_AGGRESSIVE;
				CLANG_WARN_UNREACHABLE_CODE = YES;
				CLANG_WARN__DUPLICATE_METHOD_MATCH = YES;
				COPY_PHASE_STRIP = NO;
				DEBUG_INFORMATION_FORMAT = dwarf;
				ENABLE_STRICT_OBJC_MSGSEND = YES;
				ENABLE_TESTABILITY = YES;
				GCC_C_LANGUAGE_STANDARD = gnu11;
				GCC_DYNAMIC_NO_PIC = NO;
				GCC_NO_COMMON_BLOCKS = YES;
				GCC_OPTIMIZATION_LEVEL = 0;
				GCC_PREPROCESSOR_DEFINITIONS = (
					"DEBUG=1",
					"$(inherited)",
				);
				GCC_WARN_64_TO_32_BIT_CONVERSION = YES;
				GCC_WARN_ABOUT_RETURN_TYPE = YES_ERROR;
				GCC_WARN_UNDECLARED_SELECTOR = YES;
				GCC_WARN_UNINITIALIZED_AUTOS = YES_AGGRESSIVE;
				GCC_WARN_UNUSED_FUNCTION = YES;
				GCC_WARN_UNUSED_VARIABLE = YES;
				IPHONEOS_DEPLOYMENT_TARGET = 13.2;
				MTL_ENABLE_DEBUG_INFO = INCLUDE_SOURCE;
				MTL_FAST_MATH = YES;
				ONLY_ACTIVE_ARCH = YES;
				SDKROOT = iphoneos;
				SWIFT_ACTIVE_COMPILATION_CONDITIONS = DEBUG;
				SWIFT_OPTIMIZATION_LEVEL = "-Onone";
			};
			name = Debug;
		};
		B050BC9B237EE85F00E6432D /* Release */ = {
			isa = XCBuildConfiguration;
			buildSettings = {
				ALWAYS_SEARCH_USER_PATHS = NO;
				CLANG_ANALYZER_NONNULL = YES;
				CLANG_ANALYZER_NUMBER_OBJECT_CONVERSION = YES_AGGRESSIVE;
				CLANG_CXX_LANGUAGE_STANDARD = "gnu++14";
				CLANG_CXX_LIBRARY = "libc++";
				CLANG_ENABLE_MODULES = YES;
				CLANG_ENABLE_OBJC_ARC = YES;
				CLANG_ENABLE_OBJC_WEAK = YES;
				CLANG_WARN_BLOCK_CAPTURE_AUTORELEASING = YES;
				CLANG_WARN_BOOL_CONVERSION = YES;
				CLANG_WARN_COMMA = YES;
				CLANG_WARN_CONSTANT_CONVERSION = YES;
				CLANG_WARN_DEPRECATED_OBJC_IMPLEMENTATIONS = YES;
				CLANG_WARN_DIRECT_OBJC_ISA_USAGE = YES_ERROR;
				CLANG_WARN_DOCUMENTATION_COMMENTS = YES;
				CLANG_WARN_EMPTY_BODY = YES;
				CLANG_WARN_ENUM_CONVERSION = YES;
				CLANG_WARN_INFINITE_RECURSION = YES;
				CLANG_WARN_INT_CONVERSION = YES;
				CLANG_WARN_NON_LITERAL_NULL_CONVERSION = YES;
				CLANG_WARN_OBJC_IMPLICIT_RETAIN_SELF = YES;
				CLANG_WARN_OBJC_LITERAL_CONVERSION = YES;
				CLANG_WARN_OBJC_ROOT_CLASS = YES_ERROR;
				CLANG_WARN_RANGE_LOOP_ANALYSIS = YES;
				CLANG_WARN_STRICT_PROTOTYPES = YES;
				CLANG_WARN_SUSPICIOUS_MOVE = YES;
				CLANG_WARN_UNGUARDED_AVAILABILITY = YES_AGGRESSIVE;
				CLANG_WARN_UNREACHABLE_CODE = YES;
				CLANG_WARN__DUPLICATE_METHOD_MATCH = YES;
				COPY_PHASE_STRIP = NO;
				DEBUG_INFORMATION_FORMAT = "dwarf-with-dsym";
				ENABLE_NS_ASSERTIONS = NO;
				ENABLE_STRICT_OBJC_MSGSEND = YES;
				GCC_C_LANGUAGE_STANDARD = gnu11;
				GCC_NO_COMMON_BLOCKS = YES;
				GCC_WARN_64_TO_32_BIT_CONVERSION = YES;
				GCC_WARN_ABOUT_RETURN_TYPE = YES_ERROR;
				GCC_WARN_UNDECLARED_SELECTOR = YES;
				GCC_WARN_UNINITIALIZED_AUTOS = YES_AGGRESSIVE;
				GCC_WARN_UNUSED_FUNCTION = YES;
				GCC_WARN_UNUSED_VARIABLE = YES;
				IPHONEOS_DEPLOYMENT_TARGET = 13.2;
				MTL_ENABLE_DEBUG_INFO = NO;
				MTL_FAST_MATH = YES;
				SDKROOT = iphoneos;
				SWIFT_COMPILATION_MODE = wholemodule;
				SWIFT_OPTIMIZATION_LEVEL = "-O";
				VALIDATE_PRODUCT = YES;
			};
			name = Release;
		};
		B050BC9D237EE85F00E6432D /* Debug */ = {
			isa = XCBuildConfiguration;
			buildSettings = {
				ASSETCATALOG_COMPILER_APPICON_NAME = AppIcon;
				CODE_SIGN_STYLE = Automatic;
				DEVELOPMENT_ASSET_PATHS = "\"Binding/Preview Content\"";
				DEVELOPMENT_TEAM = H28X75MLUY;
				ENABLE_PREVIEWS = YES;
				INFOPLIST_FILE = Binding/Info.plist;
				LD_RUNPATH_SEARCH_PATHS = (
					"$(inherited)",
					"@executable_path/Frameworks",
				);
				PRODUCT_BUNDLE_IDENTIFIER = com.LeftRightMind.Binding;
				PRODUCT_NAME = "$(TARGET_NAME)";
				SWIFT_VERSION = 5.0;
				TARGETED_DEVICE_FAMILY = "1,2";
			};
			name = Debug;
		};
		B050BC9E237EE85F00E6432D /* Release */ = {
			isa = XCBuildConfiguration;
			buildSettings = {
				ASSETCATALOG_COMPILER_APPICON_NAME = AppIcon;
				CODE_SIGN_STYLE = Automatic;
				DEVELOPMENT_ASSET_PATHS = "\"Binding/Preview Content\"";
				DEVELOPMENT_TEAM = H28X75MLUY;
				ENABLE_PREVIEWS = YES;
				INFOPLIST_FILE = Binding/Info.plist;
				LD_RUNPATH_SEARCH_PATHS = (
					"$(inherited)",
					"@executable_path/Frameworks",
				);
				PRODUCT_BUNDLE_IDENTIFIER = com.LeftRightMind.Binding;
				PRODUCT_NAME = "$(TARGET_NAME)";
				SWIFT_VERSION = 5.0;
				TARGETED_DEVICE_FAMILY = "1,2";
			};
			name = Release;
		};
/* End XCBuildConfiguration section */

/* Begin XCConfigurationList section */
		B050BC83237EE85C00E6432D /* Build configuration list for PBXProject "Binding" */ = {
			isa = XCConfigurationList;
			buildConfigurations = (
				B050BC9A237EE85F00E6432D /* Debug */,
				B050BC9B237EE85F00E6432D /* Release */,
			);
			defaultConfigurationIsVisible = 0;
			defaultConfigurationName = Release;
		};
		B050BC9C237EE85F00E6432D /* Build configuration list for PBXNativeTarget "Binding" */ = {
			isa = XCConfigurationList;
			buildConfigurations = (
				B050BC9D237EE85F00E6432D /* Debug */,
				B050BC9E237EE85F00E6432D /* Release */,
			);
			defaultConfigurationIsVisible = 0;
			defaultConfigurationName = Release;
		};
/* End XCConfigurationList section */
	};
	rootObject = B050BC80237EE85C00E6432D /* Project object */;
}
